
Microsoft Visual Studio Solution File, Format Version 12.00
# Visual Studio 2013
VisualStudioVersion = 12.0.21005.1
MinimumVisualStudioVersion = 10.0.40219.1
Project("{FAE04EC0-301F-11D3-BF4B-00C04F79EFBC}") = "XNA_test", "XNA_test\XNA_test\XNA_test.csproj", "{802733F6-F591-4A4A-8369-E4B5BBCC8D00}"
EndProject
Project("{96E2B04D-8817-42C6-938A-82C39BA4D311}") = "XNA_testContent", "XNA_test\XNA_testContent\XNA_testContent.contentproj", "{F9A20BA9-A550-458B-A575-1227B78102B3}"
EndProject
Global
	GlobalSection(SolutionConfigurationPlatforms) = preSolution
		Debug|x86 = Debug|x86
		Release|x86 = Release|x86
	EndGlobalSection
	GlobalSection(ProjectConfigurationPlatforms) = postSolution
		{802733F6-F591-4A4A-8369-E4B5BBCC8D00}.Debug|x86.ActiveCfg = Debug|x86
		{802733F6-F591-4A4A-8369-E4B5BBCC8D00}.Debug|x86.Build.0 = Debug|x86
		{802733F6-F591-4A4A-8369-E4B5BBCC8D00}.Release|x86.ActiveCfg = Release|x86
		{802733F6-F591-4A4A-8369-E4B5BBCC8D00}.Release|x86.Build.0 = Release|x86
		{F9A20BA9-A550-458B-A575-1227B78102B3}.Debug|x86.ActiveCfg = Debug|x86
		{F9A20BA9-A550-458B-A575-1227B78102B3}.Release|x86.ActiveCfg = Release|x86
	EndGlobalSection
	GlobalSection(SolutionProperties) = preSolution
		HideSolutionNode = FALSE
	EndGlobalSection
EndGlobal
